github.com/Fastbyte01/KeepIt v0.0.0-20220316160340-0b501727f8e6 h1:uYas/AiFhR7KQ0h4eZBqdgdnCCUse6wtAsWSMX2LN2w=
github.com/Fastbyte01/KeepIt v0.0.0-20220316160340-0b501727f8e6/go.mod h1:M6ThhOtiUROtefKk1Oqi5Yd35F3JXQKjY42i0/s+n88=
github.com/Vimux/Mainroad v0.0.0-20230109181040-99aa31662c72 h1:cCCoWIMM8h7BuVCLkDhbQolnckjVFHDS0SQek4WM3lc=
github.com/Vimux/Mainroad v0.0.0-20230109181040-99aa31662c72/go.mod h1:jLdMcAraEBvAuFdWPXNkLElbXEo4acKVaaL2kky8W+8=
github.com/adityatelange/hugo-PaperMod v0.0.0-20221224152110-d3d90be8a4ea h1:Oh7CmQcvzhhNV4vJy9pXHP4SJoEPg0FVOIP73VwJR5Q=
github.com/adityatelange/hugo-PaperMod v0.0.0-20221224152110-d3d90be8a4ea/go.mod h1:HCHxNMKYdGafUYjVV3ICiAqznZK2yH0iI53jqcDFDdQ=
github.com/dillonzq/LoveIt v0.2.11 h1:rIj8YX5oJHHyKazLLWBwvURCoVizsNBQJc6vVKX6AG8=
github.com/dillonzq/LoveIt v0.2.11/go.mod h1:6IBQv4PKou3cERt0xcxud81O793taOmJqYKXn1eNPB4=
github.com/lxndrblz/anatole v1.12.0 h1:+3cmraXdZTcUwzW4wVB/hLeQOyZOIUZOXtxnY7vcCf8=
github.com/lxndrblz/anatole v1.12.0/go.mod h1:hy61SRyUDKaWw2P+cERt9UPde5guWyVKgtjdzRF5bfI=
github.com/panr/hugo-theme-terminal v2.1.0+incompatible h1:oSqo5Q4lWiIcBDFaASgrCEdXaEtH43foBd/ti21MEGE=
github.com/panr/hugo-theme-terminal v2.1.0+incompatible/go.mod h1:kiO0NHUXPNrG6BFRlat5jc078p3e1f2sLlpt0a23MEY=
github.com/vividvilla/ezhil v1.0.0-beta.1 h1:nHlVTWmfkY0PpaRRGQC7YCPBd0GPRcJu7QxzK10EQww=
github.com/vividvilla/ezhil v1.0.0-beta.1/go.mod h1:HahSozJoqVATz2fEfV04eMArKUm/HhjhM/aul6SKTp8=
github.com/xianmin/hugo-theme-jane v0.0.0-20221222005539-be391a297a53 h1:3jdky7J2LOWwXqPoNGlaxuluCCgQGqO8k32soo95t/M=
github.com/xianmin/hugo-theme-jane v0.0.0-20221222005539-be391a297a53/go.mod h1:Zf3ISQW08nRA/b6a6KsbkZEnTJHxMZaaYeODgyKb6cU=
github.com/yihui/hugo-xmag v0.0.0-20221109150552-d771674f97b1 h1:wXfst+Y0TwPG6LmM6nvaVoyH1UkQQVSOjI60q4AOXN0=
github.com/yihui/hugo-xmag v0.0.0-20221109150552-d771674f97b1/go.mod h1:TQDGE6T4eGTbJsYjzumMJTi7qeze+H1kEppyZCgS11Y=
github.com/yihui/hugo-xmin v0.0.0-20220808144020-9c7c5bf984c7 h1:OzGdMeubta2dEq2uxGPoGkmWEN4jwy4AcDxWf4Ifdws=
github.com/yihui/hugo-xmin v0.0.0-20220808144020-9c7c5bf984c7/go.mod h1:RiCR4psTF4iydlh4bR9BijKIHmivp7IeBaokx0CvzRA=
